
Microsoft Visual Studio Solution File, Format Version 12.00
# Visual Studio Version 17
VisualStudioVersion = 17.0.31903.59
MinimumVisualStudioVersion = 10.0.40219.1
Project("{FAE04EC0-301F-11D3-BF4B-00C04F79EFBC}") = "ConditionalStatementExercises", "ConditionalStatementExercises\ConditionalStatementExercises.csproj", "{1A5ED8ED-3B2C-4ED5-8406-D39EA3B52EDD}"
EndProject
Global
	GlobalSection(SolutionConfigurationPlatforms) = preSolution
		Debug|Any CPU = Debug|Any CPU
		Release|Any CPU = Release|Any CPU
	EndGlobalSection
	GlobalSection(ProjectConfigurationPlatforms) = postSolution
		{1A5ED8ED-3B2C-4ED5-8406-D39EA3B52EDD}.Debug|Any CPU.ActiveCfg = Debug|Any CPU
		{1A5ED8ED-3B2C-4ED5-8406-D39EA3B52EDD}.Debug|Any CPU.Build.0 = Debug|Any CPU
		{1A5ED8ED-3B2C-4ED5-8406-D39EA3B52EDD}.Release|Any CPU.ActiveCfg = Release|Any CPU
		{1A5ED8ED-3B2C-4ED5-8406-D39EA3B52EDD}.Release|Any CPU.Build.0 = Release|Any CPU
	EndGlobalSection
	GlobalSection(SolutionProperties) = preSolution
		HideSolutionNode = FALSE
	EndGlobalSection
	GlobalSection(ExtensibilityGlobals) = postSolution
		SolutionGuid = {9188D239-7B23-4353-8688-5F4361B88357}
	EndGlobalSection
EndGlobal
