
Microsoft Visual Studio Solution File, Format Version 12.00
# Visual Studio Version 17
VisualStudioVersion = 17.0.31903.59
MinimumVisualStudioVersion = 10.0.40219.1
Project("{FAE04EC0-301F-11D3-BF4B-00C04F79EFBC}") = "HelloWorld", "HelloWorld\HelloWorld.csproj", "{1537A8DE-2F30-4441-94AA-1A973ADD8BB5}"
EndProject
Global
	GlobalSection(SolutionConfigurationPlatforms) = preSolution
		Debug|Any CPU = Debug|Any CPU
		Release|Any CPU = Release|Any CPU
	EndGlobalSection
	GlobalSection(ProjectConfigurationPlatforms) = postSolution
		{1537A8DE-2F30-4441-94AA-1A973ADD8BB5}.Debug|Any CPU.ActiveCfg = Debug|Any CPU
		{1537A8DE-2F30-4441-94AA-1A973ADD8BB5}.Debug|Any CPU.Build.0 = Debug|Any CPU
		{1537A8DE-2F30-4441-94AA-1A973ADD8BB5}.Release|Any CPU.ActiveCfg = Release|Any CPU
		{1537A8DE-2F30-4441-94AA-1A973ADD8BB5}.Release|Any CPU.Build.0 = Release|Any CPU
	EndGlobalSection
	GlobalSection(SolutionProperties) = preSolution
		HideSolutionNode = FALSE
	EndGlobalSection
	GlobalSection(ExtensibilityGlobals) = postSolution
		SolutionGuid = {C4A1B8AC-DDDB-4BC9-9CF8-CE245A0C30B7}
	EndGlobalSection
EndGlobal
